
Microsoft Visual Studio Solution File, Format Version 12.00
# Visual Studio Version 17
VisualStudioVersion = 17.9.34902.65
MinimumVisualStudioVersion = 10.0.40219.1
Project("{FAE04EC0-301F-11D3-BF4B-00C04F79EFBC}") = "EmployeeDirectory", "EmployeeDirectory.csproj", "{21AFE178-4B74-40E5-A4DF-3BC0141C013B}"
EndProject
Global
	GlobalSection(SolutionConfigurationPlatforms) = preSolution
		Debug|Any CPU = Debug|Any CPU
		Release|Any CPU = Release|Any CPU
	EndGlobalSection
	GlobalSection(ProjectConfigurationPlatforms) = postSolution
		{21AFE178-4B74-40E5-A4DF-3BC0141C013B}.Debug|Any CPU.ActiveCfg = Debug|Any CPU
		{21AFE178-4B74-40E5-A4DF-3BC0141C013B}.Debug|Any CPU.Build.0 = Debug|Any CPU
		{21AFE178-4B74-40E5-A4DF-3BC0141C013B}.Release|Any CPU.ActiveCfg = Release|Any CPU
		{21AFE178-4B74-40E5-A4DF-3BC0141C013B}.Release|Any CPU.Build.0 = Release|Any CPU
	EndGlobalSection
	GlobalSection(SolutionProperties) = preSolution
		HideSolutionNode = FALSE
	EndGlobalSection
	GlobalSection(ExtensibilityGlobals) = postSolution
		SolutionGuid = {75F2188C-115B-4299-84B7-77F60B16F115}
	EndGlobalSection
EndGlobal
